
Microsoft Visual Studio Solution File, Format Version 12.00
# Visual Studio Version 16
VisualStudioVersion = 16.0.33027.164
MinimumVisualStudioVersion = 10.0.40219.1
Project("{9A19103F-16F7-4668-BE54-9A1E7A4F7556}") = "MySocietyAPI", "MySocietyAPI\MySocietyAPI.csproj", "{47778F71-02B0-4423-9D54-4DE2ECB7E3A6}"
EndProject
Project("{FAE04EC0-301F-11D3-BF4B-00C04F79EFBC}") = "MySociety.DataAccessLayer", "MySociety,DataAccessLayer\MySociety.DataAccessLayer.csproj", "{39C8C5A1-979F-4BED-83FE-51014D1C284A}"
EndProject
Project("{FAE04EC0-301F-11D3-BF4B-00C04F79EFBC}") = "MySociety.BAL", "MySociety.BAL\MySociety.BAL.csproj", "{1347AF56-E09F-47FF-AE4D-4B6DC6D9C256}"
EndProject
Global
	GlobalSection(SolutionConfigurationPlatforms) = preSolution
		Debug|Any CPU = Debug|Any CPU
		Release|Any CPU = Release|Any CPU
	EndGlobalSection
	GlobalSection(ProjectConfigurationPlatforms) = postSolution
		{47778F71-02B0-4423-9D54-4DE2ECB7E3A6}.Debug|Any CPU.ActiveCfg = Debug|Any CPU
		{47778F71-02B0-4423-9D54-4DE2ECB7E3A6}.Debug|Any CPU.Build.0 = Debug|Any CPU
		{47778F71-02B0-4423-9D54-4DE2ECB7E3A6}.Release|Any CPU.ActiveCfg = Release|Any CPU
		{47778F71-02B0-4423-9D54-4DE2ECB7E3A6}.Release|Any CPU.Build.0 = Release|Any CPU
		{39C8C5A1-979F-4BED-83FE-51014D1C284A}.Debug|Any CPU.ActiveCfg = Debug|Any CPU
		{39C8C5A1-979F-4BED-83FE-51014D1C284A}.Debug|Any CPU.Build.0 = Debug|Any CPU
		{39C8C5A1-979F-4BED-83FE-51014D1C284A}.Release|Any CPU.ActiveCfg = Release|Any CPU
		{39C8C5A1-979F-4BED-83FE-51014D1C284A}.Release|Any CPU.Build.0 = Release|Any CPU
		{1347AF56-E09F-47FF-AE4D-4B6DC6D9C256}.Debug|Any CPU.ActiveCfg = Debug|Any CPU
		{1347AF56-E09F-47FF-AE4D-4B6DC6D9C256}.Debug|Any CPU.Build.0 = Debug|Any CPU
		{1347AF56-E09F-47FF-AE4D-4B6DC6D9C256}.Release|Any CPU.ActiveCfg = Release|Any CPU
		{1347AF56-E09F-47FF-AE4D-4B6DC6D9C256}.Release|Any CPU.Build.0 = Release|Any CPU
	EndGlobalSection
	GlobalSection(SolutionProperties) = preSolution
		HideSolutionNode = FALSE
	EndGlobalSection
	GlobalSection(ExtensibilityGlobals) = postSolution
		SolutionGuid = {23575E10-072B-4300-B1FC-B67709D2EFEC}
	EndGlobalSection
EndGlobal
